{
  "name": "mmm-olprayertime",
  "version": "1.0.0",
  "lockfileVersion": 2,
  "requires": true,
  "packages": {
    "": {
      "name": "mmm-olprayertime",
      "version": "1.0.0",
      "license": "GPL",
      "dependencies": {
        "@calidy/dayjs-calendarsystems": "^1.11.3",
        "dayjs": "^1.11.10",
        "prayer-times": "^0.1.0"
      }
    },
    "node_modules/@calidy/dayjs-calendarsystems": {
      "version": "1.11.3",
      "resolved": "https://registry.npmjs.org/@calidy/dayjs-calendarsystems/-/dayjs-calendarsystems-1.11.3.tgz",
      "integrity": "sha512-zf/YhLib4wWaYy4yZIWhonl8BAba5zVYeL+spXdIlmt90JlU5cA3hlhN3t7gKbDf9hB016mWfGEyBttfO/fShw=="
    },
    "node_modules/dayjs": {
      "version": "1.11.10",
      "resolved": "https://registry.npmjs.org/dayjs/-/dayjs-1.11.10.tgz",
      "integrity": "sha512-vjAczensTgRcqDERK0SR2XMwsF/tSvnvlv6VcF2GIhg6Sx4yOIt/irsr1RDJsKiIyBzJDpCoXiWWq28MqH2cnQ=="
    },
    "node_modules/prayer-times": {
      "version": "0.1.0",
      "resolved": "https://registry.npmjs.org/prayer-times/-/prayer-times-0.1.0.tgz",
      "integrity": "sha1-MkrXErB0Mgtni+FPwTtZVGl+QRI="
    }
  },
  "dependencies": {
    "@calidy/dayjs-calendarsystems": {
      "version": "1.11.3",
      "resolved": "https://registry.npmjs.org/@calidy/dayjs-calendarsystems/-/dayjs-calendarsystems-1.11.3.tgz",
      "integrity": "sha512-zf/YhLib4wWaYy4yZIWhonl8BAba5zVYeL+spXdIlmt90JlU5cA3hlhN3t7gKbDf9hB016mWfGEyBttfO/fShw=="
    },
    "dayjs": {
      "version": "1.11.10",
      "resolved": "https://registry.npmjs.org/dayjs/-/dayjs-1.11.10.tgz",
      "integrity": "sha512-vjAczensTgRcqDERK0SR2XMwsF/tSvnvlv6VcF2GIhg6Sx4yOIt/irsr1RDJsKiIyBzJDpCoXiWWq28MqH2cnQ=="
    },
    "prayer-times": {
      "version": "0.1.0",
      "resolved": "https://registry.npmjs.org/prayer-times/-/prayer-times-0.1.0.tgz",
      "integrity": "sha1-MkrXErB0Mgtni+FPwTtZVGl+QRI="
    }
  }
}
